
Microsoft Visual Studio Solution File, Format Version 12.00
# Visual Studio 15
VisualStudioVersion = 15.0.26124.0
MinimumVisualStudioVersion = 15.0.26124.0
Project("{2150E333-8FDC-42A3-9474-1A3956D46DE8}") = "Application", "Application", "{3A1F92AF-D6FA-4A11-ABAF-A216ABECF532}"
EndProject
Project("{FAE04EC0-301F-11D3-BF4B-00C04F79EFBC}") = "Onion.Application", "Application\Onion.Application\Onion.Application.csproj", "{D8321A1A-69BE-4E33-BE0A-E23C2E96B2F1}"
EndProject
Project("{2150E333-8FDC-42A3-9474-1A3956D46DE8}") = "Domain", "Domain", "{4482F0CD-4BF4-4800-99A4-BD73C9810AFC}"
EndProject
Project("{FAE04EC0-301F-11D3-BF4B-00C04F79EFBC}") = "Onion.Domain", "Domain\Onion.Domain\Onion.Domain.csproj", "{7A2891EB-5054-46A4-A7E9-373B4DA9B3E1}"
EndProject
Project("{2150E333-8FDC-42A3-9474-1A3956D46DE8}") = "IoC", "IoC", "{B2FF60FB-AFDC-49A5-884F-C20A9A98F01C}"
EndProject
Project("{FAE04EC0-301F-11D3-BF4B-00C04F79EFBC}") = "Onion.IoC", "IoC\Onion.IoC\Onion.IoC.csproj", "{4509B54E-3E6B-4800-9751-CDF21C9C38BE}"
EndProject
Project("{2150E333-8FDC-42A3-9474-1A3956D46DE8}") = "Infrastructure", "Infrastructure", "{977060C5-20B3-46BA-B70B-C1F267279493}"
EndProject
Project("{FAE04EC0-301F-11D3-BF4B-00C04F79EFBC}") = "Onion.Instrastructure", "Infrastructure\Onion.Instrastructure\Onion.Instrastructure.csproj", "{69ED2876-DBBB-403E-AE03-B1267ACF4CE8}"
EndProject
Project("{2150E333-8FDC-42A3-9474-1A3956D46DE8}") = "Persistence", "Persistence", "{548CA778-3A73-4F19-9F14-98233A088357}"
EndProject
Project("{FAE04EC0-301F-11D3-BF4B-00C04F79EFBC}") = "Onion.Persistence", "Persistence\Onion.Persistence\Onion.Persistence.csproj", "{996257A1-F250-41C8-ABB8-E4915E3AA17A}"
EndProject
Project("{2150E333-8FDC-42A3-9474-1A3956D46DE8}") = "Presentation", "Presentation", "{173C6704-8E00-44B0-938B-6F140E247DF5}"
EndProject
Project("{FAE04EC0-301F-11D3-BF4B-00C04F79EFBC}") = "Onion.Api", "Presentation\Onion.Api\Onion.Api.csproj", "{6367851D-A594-46D8-9FB8-DD1400069ACF}"
EndProject
Global
	GlobalSection(SolutionConfigurationPlatforms) = preSolution
		Debug|Any CPU = Debug|Any CPU
		Debug|x64 = Debug|x64
		Debug|x86 = Debug|x86
		Release|Any CPU = Release|Any CPU
		Release|x64 = Release|x64
		Release|x86 = Release|x86
	EndGlobalSection
	GlobalSection(SolutionProperties) = preSolution
		HideSolutionNode = FALSE
	EndGlobalSection
	GlobalSection(ProjectConfigurationPlatforms) = postSolution
		{D8321A1A-69BE-4E33-BE0A-E23C2E96B2F1}.Debug|Any CPU.ActiveCfg = Debug|Any CPU
		{D8321A1A-69BE-4E33-BE0A-E23C2E96B2F1}.Debug|Any CPU.Build.0 = Debug|Any CPU
		{D8321A1A-69BE-4E33-BE0A-E23C2E96B2F1}.Debug|x64.ActiveCfg = Debug|Any CPU
		{D8321A1A-69BE-4E33-BE0A-E23C2E96B2F1}.Debug|x64.Build.0 = Debug|Any CPU
		{D8321A1A-69BE-4E33-BE0A-E23C2E96B2F1}.Debug|x86.ActiveCfg = Debug|Any CPU
		{D8321A1A-69BE-4E33-BE0A-E23C2E96B2F1}.Debug|x86.Build.0 = Debug|Any CPU
		{D8321A1A-69BE-4E33-BE0A-E23C2E96B2F1}.Release|Any CPU.ActiveCfg = Release|Any CPU
		{D8321A1A-69BE-4E33-BE0A-E23C2E96B2F1}.Release|Any CPU.Build.0 = Release|Any CPU
		{D8321A1A-69BE-4E33-BE0A-E23C2E96B2F1}.Release|x64.ActiveCfg = Release|Any CPU
		{D8321A1A-69BE-4E33-BE0A-E23C2E96B2F1}.Release|x64.Build.0 = Release|Any CPU
		{D8321A1A-69BE-4E33-BE0A-E23C2E96B2F1}.Release|x86.ActiveCfg = Release|Any CPU
		{D8321A1A-69BE-4E33-BE0A-E23C2E96B2F1}.Release|x86.Build.0 = Release|Any CPU
		{7A2891EB-5054-46A4-A7E9-373B4DA9B3E1}.Debug|Any CPU.ActiveCfg = Debug|Any CPU
		{7A2891EB-5054-46A4-A7E9-373B4DA9B3E1}.Debug|Any CPU.Build.0 = Debug|Any CPU
		{7A2891EB-5054-46A4-A7E9-373B4DA9B3E1}.Debug|x64.ActiveCfg = Debug|Any CPU
		{7A2891EB-5054-46A4-A7E9-373B4DA9B3E1}.Debug|x64.Build.0 = Debug|Any CPU
		{7A2891EB-5054-46A4-A7E9-373B4DA9B3E1}.Debug|x86.ActiveCfg = Debug|Any CPU
		{7A2891EB-5054-46A4-A7E9-373B4DA9B3E1}.Debug|x86.Build.0 = Debug|Any CPU
		{7A2891EB-5054-46A4-A7E9-373B4DA9B3E1}.Release|Any CPU.ActiveCfg = Release|Any CPU
		{7A2891EB-5054-46A4-A7E9-373B4DA9B3E1}.Release|Any CPU.Build.0 = Release|Any CPU
		{7A2891EB-5054-46A4-A7E9-373B4DA9B3E1}.Release|x64.ActiveCfg = Release|Any CPU
		{7A2891EB-5054-46A4-A7E9-373B4DA9B3E1}.Release|x64.Build.0 = Release|Any CPU
		{7A2891EB-5054-46A4-A7E9-373B4DA9B3E1}.Release|x86.ActiveCfg = Release|Any CPU
		{7A2891EB-5054-46A4-A7E9-373B4DA9B3E1}.Release|x86.Build.0 = Release|Any CPU
		{4509B54E-3E6B-4800-9751-CDF21C9C38BE}.Debug|Any CPU.ActiveCfg = Debug|Any CPU
		{4509B54E-3E6B-4800-9751-CDF21C9C38BE}.Debug|Any CPU.Build.0 = Debug|Any CPU
		{4509B54E-3E6B-4800-9751-CDF21C9C38BE}.Debug|x64.ActiveCfg = Debug|Any CPU
		{4509B54E-3E6B-4800-9751-CDF21C9C38BE}.Debug|x64.Build.0 = Debug|Any CPU
		{4509B54E-3E6B-4800-9751-CDF21C9C38BE}.Debug|x86.ActiveCfg = Debug|Any CPU
		{4509B54E-3E6B-4800-9751-CDF21C9C38BE}.Debug|x86.Build.0 = Debug|Any CPU
		{4509B54E-3E6B-4800-9751-CDF21C9C38BE}.Release|Any CPU.ActiveCfg = Release|Any CPU
		{4509B54E-3E6B-4800-9751-CDF21C9C38BE}.Release|Any CPU.Build.0 = Release|Any CPU
		{4509B54E-3E6B-4800-9751-CDF21C9C38BE}.Release|x64.ActiveCfg = Release|Any CPU
		{4509B54E-3E6B-4800-9751-CDF21C9C38BE}.Release|x64.Build.0 = Release|Any CPU
		{4509B54E-3E6B-4800-9751-CDF21C9C38BE}.Release|x86.ActiveCfg = Release|Any CPU
		{4509B54E-3E6B-4800-9751-CDF21C9C38BE}.Release|x86.Build.0 = Release|Any CPU
		{69ED2876-DBBB-403E-AE03-B1267ACF4CE8}.Debug|Any CPU.ActiveCfg = Debug|Any CPU
		{69ED2876-DBBB-403E-AE03-B1267ACF4CE8}.Debug|Any CPU.Build.0 = Debug|Any CPU
		{69ED2876-DBBB-403E-AE03-B1267ACF4CE8}.Debug|x64.ActiveCfg = Debug|Any CPU
		{69ED2876-DBBB-403E-AE03-B1267ACF4CE8}.Debug|x64.Build.0 = Debug|Any CPU
		{69ED2876-DBBB-403E-AE03-B1267ACF4CE8}.Debug|x86.ActiveCfg = Debug|Any CPU
		{69ED2876-DBBB-403E-AE03-B1267ACF4CE8}.Debug|x86.Build.0 = Debug|Any CPU
		{69ED2876-DBBB-403E-AE03-B1267ACF4CE8}.Release|Any CPU.ActiveCfg = Release|Any CPU
		{69ED2876-DBBB-403E-AE03-B1267ACF4CE8}.Release|Any CPU.Build.0 = Release|Any CPU
		{69ED2876-DBBB-403E-AE03-B1267ACF4CE8}.Release|x64.ActiveCfg = Release|Any CPU
		{69ED2876-DBBB-403E-AE03-B1267ACF4CE8}.Release|x64.Build.0 = Release|Any CPU
		{69ED2876-DBBB-403E-AE03-B1267ACF4CE8}.Release|x86.ActiveCfg = Release|Any CPU
		{69ED2876-DBBB-403E-AE03-B1267ACF4CE8}.Release|x86.Build.0 = Release|Any CPU
		{996257A1-F250-41C8-ABB8-E4915E3AA17A}.Debug|Any CPU.ActiveCfg = Debug|Any CPU
		{996257A1-F250-41C8-ABB8-E4915E3AA17A}.Debug|Any CPU.Build.0 = Debug|Any CPU
		{996257A1-F250-41C8-ABB8-E4915E3AA17A}.Debug|x64.ActiveCfg = Debug|Any CPU
		{996257A1-F250-41C8-ABB8-E4915E3AA17A}.Debug|x64.Build.0 = Debug|Any CPU
		{996257A1-F250-41C8-ABB8-E4915E3AA17A}.Debug|x86.ActiveCfg = Debug|Any CPU
		{996257A1-F250-41C8-ABB8-E4915E3AA17A}.Debug|x86.Build.0 = Debug|Any CPU
		{996257A1-F250-41C8-ABB8-E4915E3AA17A}.Release|Any CPU.ActiveCfg = Release|Any CPU
		{996257A1-F250-41C8-ABB8-E4915E3AA17A}.Release|Any CPU.Build.0 = Release|Any CPU
		{996257A1-F250-41C8-ABB8-E4915E3AA17A}.Release|x64.ActiveCfg = Release|Any CPU
		{996257A1-F250-41C8-ABB8-E4915E3AA17A}.Release|x64.Build.0 = Release|Any CPU
		{996257A1-F250-41C8-ABB8-E4915E3AA17A}.Release|x86.ActiveCfg = Release|Any CPU
		{996257A1-F250-41C8-ABB8-E4915E3AA17A}.Release|x86.Build.0 = Release|Any CPU
		{6367851D-A594-46D8-9FB8-DD1400069ACF}.Debug|Any CPU.ActiveCfg = Debug|Any CPU
		{6367851D-A594-46D8-9FB8-DD1400069ACF}.Debug|Any CPU.Build.0 = Debug|Any CPU
		{6367851D-A594-46D8-9FB8-DD1400069ACF}.Debug|x64.ActiveCfg = Debug|Any CPU
		{6367851D-A594-46D8-9FB8-DD1400069ACF}.Debug|x64.Build.0 = Debug|Any CPU
		{6367851D-A594-46D8-9FB8-DD1400069ACF}.Debug|x86.ActiveCfg = Debug|Any CPU
		{6367851D-A594-46D8-9FB8-DD1400069ACF}.Debug|x86.Build.0 = Debug|Any CPU
		{6367851D-A594-46D8-9FB8-DD1400069ACF}.Release|Any CPU.ActiveCfg = Release|Any CPU
		{6367851D-A594-46D8-9FB8-DD1400069ACF}.Release|Any CPU.Build.0 = Release|Any CPU
		{6367851D-A594-46D8-9FB8-DD1400069ACF}.Release|x64.ActiveCfg = Release|Any CPU
		{6367851D-A594-46D8-9FB8-DD1400069ACF}.Release|x64.Build.0 = Release|Any CPU
		{6367851D-A594-46D8-9FB8-DD1400069ACF}.Release|x86.ActiveCfg = Release|Any CPU
		{6367851D-A594-46D8-9FB8-DD1400069ACF}.Release|x86.Build.0 = Release|Any CPU
	EndGlobalSection
	GlobalSection(NestedProjects) = preSolution
		{D8321A1A-69BE-4E33-BE0A-E23C2E96B2F1} = {3A1F92AF-D6FA-4A11-ABAF-A216ABECF532}
		{7A2891EB-5054-46A4-A7E9-373B4DA9B3E1} = {4482F0CD-4BF4-4800-99A4-BD73C9810AFC}
		{4509B54E-3E6B-4800-9751-CDF21C9C38BE} = {B2FF60FB-AFDC-49A5-884F-C20A9A98F01C}
		{69ED2876-DBBB-403E-AE03-B1267ACF4CE8} = {977060C5-20B3-46BA-B70B-C1F267279493}
		{996257A1-F250-41C8-ABB8-E4915E3AA17A} = {548CA778-3A73-4F19-9F14-98233A088357}
		{6367851D-A594-46D8-9FB8-DD1400069ACF} = {173C6704-8E00-44B0-938B-6F140E247DF5}
	EndGlobalSection
EndGlobal
